
Microsoft Visual Studio Solution File, Format Version 12.00
# Visual Studio Version 17
VisualStudioVersion = 17.2.32630.192
MinimumVisualStudioVersion = 10.0.40219.1
Project("{FAE04EC0-301F-11D3-BF4B-00C04F79EFBC}") = "Serial Tester", "Serial Tester\Serial Tester.csproj", "{5216E102-8C2C-44C2-94CC-E0C6A525B934}"
EndProject
Global
	GlobalSection(SolutionConfigurationPlatforms) = preSolution
		Debug|Any CPU = Debug|Any CPU
		Release|Any CPU = Release|Any CPU
	EndGlobalSection
	GlobalSection(ProjectConfigurationPlatforms) = postSolution
		{5216E102-8C2C-44C2-94CC-E0C6A525B934}.Debug|Any CPU.ActiveCfg = Debug|Any CPU
		{5216E102-8C2C-44C2-94CC-E0C6A525B934}.Debug|Any CPU.Build.0 = Debug|Any CPU
		{5216E102-8C2C-44C2-94CC-E0C6A525B934}.Release|Any CPU.ActiveCfg = Release|Any CPU
		{5216E102-8C2C-44C2-94CC-E0C6A525B934}.Release|Any CPU.Build.0 = Release|Any CPU
	EndGlobalSection
	GlobalSection(SolutionProperties) = preSolution
		HideSolutionNode = FALSE
	EndGlobalSection
	GlobalSection(ExtensibilityGlobals) = postSolution
		SolutionGuid = {E1A192DD-D849-464D-A93F-E18A6BBCD559}
	EndGlobalSection
EndGlobal
